
Microsoft Visual Studio Solution File, Format Version 12.00
# Visual Studio 14
VisualStudioVersion = 14.0.25123.0
MinimumVisualStudioVersion = 10.0.40219.1
Project("{FAE04EC0-301F-11D3-BF4B-00C04F79EFBC}") = "ExampleAPI", "ExampleAPI\ExampleAPI.csproj", "{FC0062AA-DF02-442A-AEBE-5A23B8575E83}"
EndProject
Project("{FAE04EC0-301F-11D3-BF4B-00C04F79EFBC}") = "Example.DTO", "Example.DTO\Example.DTO.csproj", "{99AFC2B8-CEF5-4142-875E-091E4826F4D1}"
EndProject
Global
	GlobalSection(SolutionConfigurationPlatforms) = preSolution
		Debug|Any CPU = Debug|Any CPU
		Release|Any CPU = Release|Any CPU
	EndGlobalSection
	GlobalSection(ProjectConfigurationPlatforms) = postSolution
		{FC0062AA-DF02-442A-AEBE-5A23B8575E83}.Debug|Any CPU.ActiveCfg = Debug|Any CPU
		{FC0062AA-DF02-442A-AEBE-5A23B8575E83}.Debug|Any CPU.Build.0 = Debug|Any CPU
		{FC0062AA-DF02-442A-AEBE-5A23B8575E83}.Release|Any CPU.ActiveCfg = Release|Any CPU
		{FC0062AA-DF02-442A-AEBE-5A23B8575E83}.Release|Any CPU.Build.0 = Release|Any CPU
		{99AFC2B8-CEF5-4142-875E-091E4826F4D1}.Debug|Any CPU.ActiveCfg = Debug|Any CPU
		{99AFC2B8-CEF5-4142-875E-091E4826F4D1}.Debug|Any CPU.Build.0 = Debug|Any CPU
		{99AFC2B8-CEF5-4142-875E-091E4826F4D1}.Release|Any CPU.ActiveCfg = Release|Any CPU
		{99AFC2B8-CEF5-4142-875E-091E4826F4D1}.Release|Any CPU.Build.0 = Release|Any CPU
	EndGlobalSection
	GlobalSection(SolutionProperties) = preSolution
		HideSolutionNode = FALSE
	EndGlobalSection
EndGlobal
